{
  "originHash" : "5697861471729a272de0a4df305c1364fc612c47ae05ad7b47363fe65e38b977",
  "pins" : [
    {
      "identity" : "nimbus-updater",
      "kind" : "remoteSourceControl",
      "location" : "https://github.com/njoubert/nimbus-updater.git",
      "state" : {
        "revision" : "a9d0efc308cc4d39526f0487bafd8b2180062b5c",
        "version" : "1.2.0"
      }
    }
  ],
  "version" : 3
}
