{
  "originHash" : "5697861471729a272de0a4df305c1364fc612c47ae05ad7b47363fe65e38b977",
  "pins" : [
    {
      "identity" : "nimbus-updater",
      "kind" : "remoteSourceControl",
      "location" : "https://github.com/njoubert/nimbus-updater.git",
      "state" : {
        "revision" : "c308e01ff4b15e568ab6e91c12c81e8ef9d21bc1",
        "version" : "1.3.0"
      }
    }
  ],
  "version" : 3
}
